
Microsoft Visual Studio Solution File, Format Version 12.00
# Visual Studio Version 16
VisualStudioVersion = 16.0.31005.135
MinimumVisualStudioVersion = 10.0.40219.1
Project("{FAE04EC0-301F-11D3-BF4B-00C04F79EFBC}") = "ChartJsMvcCore", "ChartJsMvcCore\ChartJsMvcCore.csproj", "{3EBAE93D-DB67-4945-B1E0-5CDA603CA424}"
EndProject
Project("{9A19103F-16F7-4668-BE54-9A1E7A4F7556}") = "DatatablesParser", "DatatablesParser\DatatablesParser.csproj", "{D3D07EAC-99A2-42E5-9090-A90673B131BA}"
EndProject
Global
	GlobalSection(SolutionConfigurationPlatforms) = preSolution
		Debug|Any CPU = Debug|Any CPU
		Release|Any CPU = Release|Any CPU
	EndGlobalSection
	GlobalSection(ProjectConfigurationPlatforms) = postSolution
		{3EBAE93D-DB67-4945-B1E0-5CDA603CA424}.Debug|Any CPU.ActiveCfg = Debug|Any CPU
		{3EBAE93D-DB67-4945-B1E0-5CDA603CA424}.Debug|Any CPU.Build.0 = Debug|Any CPU
		{3EBAE93D-DB67-4945-B1E0-5CDA603CA424}.Release|Any CPU.ActiveCfg = Release|Any CPU
		{3EBAE93D-DB67-4945-B1E0-5CDA603CA424}.Release|Any CPU.Build.0 = Release|Any CPU
		{D3D07EAC-99A2-42E5-9090-A90673B131BA}.Debug|Any CPU.ActiveCfg = Debug|Any CPU
		{D3D07EAC-99A2-42E5-9090-A90673B131BA}.Debug|Any CPU.Build.0 = Debug|Any CPU
		{D3D07EAC-99A2-42E5-9090-A90673B131BA}.Release|Any CPU.ActiveCfg = Release|Any CPU
		{D3D07EAC-99A2-42E5-9090-A90673B131BA}.Release|Any CPU.Build.0 = Release|Any CPU
	EndGlobalSection
	GlobalSection(SolutionProperties) = preSolution
		HideSolutionNode = FALSE
	EndGlobalSection
	GlobalSection(ExtensibilityGlobals) = postSolution
		SolutionGuid = {A3705D13-47D7-456F-A291-70FB0562648D}
	EndGlobalSection
EndGlobal
